
Microsoft Visual Studio Solution File, Format Version 12.00
# Visual Studio Version 16
VisualStudioVersion = 25.0.1706.4
MinimumVisualStudioVersion = 10.0.40219.1
Project("{FAE04EC0-301F-11D3-BF4B-00C04F79EFBC}") = "OpenLibraryWrapper", "OpenLibraryWrapper.csproj", "{A446464F-3ECD-41C8-BC88-6585AD969654}"
EndProject
Global
	GlobalSection(SolutionConfigurationPlatforms) = preSolution
		Debug|Any CPU = Debug|Any CPU
		Release|Any CPU = Release|Any CPU
	EndGlobalSection
	GlobalSection(ProjectConfigurationPlatforms) = postSolution
		{A446464F-3ECD-41C8-BC88-6585AD969654}.Debug|Any CPU.ActiveCfg = Debug|Any CPU
		{A446464F-3ECD-41C8-BC88-6585AD969654}.Debug|Any CPU.Build.0 = Debug|Any CPU
		{A446464F-3ECD-41C8-BC88-6585AD969654}.Release|Any CPU.ActiveCfg = Release|Any CPU
		{A446464F-3ECD-41C8-BC88-6585AD969654}.Release|Any CPU.Build.0 = Release|Any CPU
	EndGlobalSection
	GlobalSection(SolutionProperties) = preSolution
		HideSolutionNode = FALSE
	EndGlobalSection
	GlobalSection(ExtensibilityGlobals) = postSolution
		SolutionGuid = {8D8A484D-EE77-46A9-8767-A0CDD2F03F6C}
	EndGlobalSection
EndGlobal
